{
    "hash": "9fe0969f7a32e0130fad3a4359f8e098",
    "packages": [
        {
            "name": "doctrine/common",
            "version": "2.2.3",
            "source": {
                "type": "git",
                "url": "https://github.com/doctrine/common",
                "reference": "2.2.3"
            },
            "dist": {
                "type": "zip",
                "url": "https://github.com/doctrine/common/zipball/2.2.3",
                "reference": "2.2.3",
                "shasum": ""
            },
            "require": {
                "php": ">=5.3.2"
            },
            "time": "2012-08-29 08:04:14",
            "type": "library",
            "installation-source": "dist",
            "autoload": {
                "psr-0": {
                    "Doctrine\\Common": "lib/"
                }
            },
            "license": [
                "LGPL"
            ],
            "authors": [
                {
                    "name": "Jonathan Wage",
                    "email": "jonwage@gmail.com",
                    "homepage": "http://www.jwage.com/"
                },
                {
                    "name": "Guilherme Blanco",
                    "email": "guilhermeblanco@gmail.com"
                },
                {
                    "name": "Roman Borschel",
                    "email": "roman@code-factory.org"
                },
                {
                    "name": "Benjamin Eberlei",
                    "email": "kontakt@beberlei.de"
                },
                {
                    "name": "Johannes Schmitt",
                    "email": "schmittjoh@gmail.com",
                    "homepage": "https://github.com/schmittjoh",
                    "role": "Developer of wrapped JMSSerializerBundle"
                }
            ],
            "description": "Common Library for Doctrine projects",
            "homepage": "http://www.doctrine-project.org",
            "keywords": [
                "collections",
                "spl",
                "eventmanager",
                "annotations",
                "persistence"
            ]
        },
        {
            "name": "friendsofsymfony/user-bundle",
            "version": "v1.2.4",
            "target-dir": "FOS/UserBundle",
            "source": {
                "type": "git",
                "url": "https://github.com/FriendsOfSymfony/FOSUserBundle",
                "reference": "v1.2.4"
            },
            "dist": {
                "type": "zip",
                "url": "https://github.com/FriendsOfSymfony/FOSUserBundle/zipball/v1.2.4",
                "reference": "v1.2.4",
                "shasum": ""
            },
            "require": {
                "php": ">=5.3.2",
                "symfony/framework-bundle": "2.0.*",
                "symfony/security-bundle": "2.0.*"
            },
            "suggest": {
                "symfony/doctrine-bundle": "2.0.*",
                "doctrine/mongodb-odm-bundle": "2.0.*",
                "doctrine/couchdb-odm-bundle": "*"
            },
            "time": "2012-07-10 15:28:35",
            "type": "symfony-bundle",
            "installation-source": "dist",
            "autoload": {
                "psr-0": {
                    "FOS\\UserBundle": ""
                }
            },
            "license": [
                "MIT"
            ],
            "authors": [
                {
                    "name": "Christophe Coevoet",
                    "email": "stof@notk.org"
                },
                {
                    "name": "Thibault Duplessis",
                    "email": "thibault.duplessis@gmail.com",
                    "homepage": "http://ornicar.github.com"
                },
                {
                    "name": "FriendsOfSymfony Community",
                    "homepage": "https://github.com/friendsofsymfony/FOSUserBundle/contributors"
                }
            ],
            "description": "Symfony FOSUserBundle",
            "homepage": "http://friendsofsymfony.github.com",
            "keywords": [
                "User management"
            ]
        },
        {
            "name": "symfony/config",
            "version": "v2.0.16",
            "target-dir": "Symfony/Component/Config",
            "source": {
                "type": "git",
                "url": "https://github.com/symfony/Config",
                "reference": "v2.0.16"
            },
            "dist": {
                "type": "zip",
                "url": "https://github.com/symfony/Config/zipball/v2.0.16",
                "reference": "v2.0.16",
                "shasum": ""
            },
            "require": {
                "php": ">=5.3.2"
            },
            "time": "2012-07-09 12:43:50",
            "type": "library",
            "installation-source": "dist",
            "autoload": {
                "psr-0": {
                    "Symfony\\Component\\Config": ""
                }
            },
            "license": [
                "MIT"
            ],
            "authors": [
                {
                    "name": "Fabien Potencier",
                    "email": "fabien@symfony.com"
                },
                {
                    "name": "Symfony Community",
                    "homepage": "http://symfony.com/contributors"
                }
            ],
            "description": "Symfony Config Component",
            "homepage": "http://symfony.com"
        },
        {
            "name": "symfony/dependency-injection",
            "version": "v2.0.16",
            "target-dir": "Symfony/Component/DependencyInjection",
            "source": {
                "type": "git",
                "url": "https://github.com/symfony/DependencyInjection",
                "reference": "v2.0.16"
            },
            "dist": {
                "type": "zip",
                "url": "https://github.com/symfony/DependencyInjection/zipball/v2.0.16",
                "reference": "v2.0.16",
                "shasum": ""
            },
            "require": {
                "php": ">=5.3.2"
            },
            "suggest": {
                "symfony/yaml": "v2.0.16"
            },
            "time": "2012-07-09 12:43:50",
            "type": "library",
            "installation-source": "dist",
            "autoload": {
                "psr-0": {
                    "Symfony\\Component\\DependencyInjection": ""
                }
            },
            "license": [
                "MIT"
            ],
            "authors": [
                {
                    "name": "Fabien Potencier",
                    "email": "fabien@symfony.com"
                },
                {
                    "name": "Symfony Community",
                    "homepage": "http://symfony.com/contributors"
                }
            ],
            "description": "Symfony DependencyInjection Component",
            "homepage": "http://symfony.com"
        },
        {
            "name": "symfony/event-dispatcher",
            "version": "v2.0.16",
            "target-dir": "Symfony/Component/EventDispatcher",
            "source": {
                "type": "git",
                "url": "https://github.com/symfony/EventDispatcher",
                "reference": "v2.0.16"
            },
            "dist": {
                "type": "zip",
                "url": "https://github.com/symfony/EventDispatcher/zipball/v2.0.16",
                "reference": "v2.0.16",
                "shasum": ""
            },
            "require": {
                "php": ">=5.3.3"
            },
            "require-dev": {
                "symfony/dependency-injection": "2.1.*"
            },
            "suggest": {
                "symfony/dependency-injection": "v2.0.16",
                "symfony/http-kernel": "v2.0.16"
            },
            "time": "2012-05-26 07:48:33",
            "type": "library",
            "extra": {
                "branch-alias": {
                    "dev-master": "2.1-dev"
                }
            },
            "installation-source": "dist",
            "autoload": {
                "psr-0": {
                    "Symfony\\Component\\EventDispatcher": ""
                }
            },
            "license": [
                "MIT"
            ],
            "authors": [
                {
                    "name": "Fabien Potencier",
                    "email": "fabien@symfony.com"
                },
                {
                    "name": "Symfony Community",
                    "homepage": "http://symfony.com/contributors"
                }
            ],
            "description": "Symfony EventDispatcher Component",
            "homepage": "http://symfony.com"
        },
        {
            "name": "symfony/framework-bundle",
            "version": "v2.0.16",
            "target-dir": "Symfony/Bundle/FrameworkBundle",
            "source": {
                "type": "git",
                "url": "https://github.com/symfony/FrameworkBundle",
                "reference": "v2.0.16"
            },
            "dist": {
                "type": "zip",
                "url": "https://github.com/symfony/FrameworkBundle/zipball/v2.0.16",
                "reference": "v2.0.16",
                "shasum": ""
            },
            "require": {
                "php": ">=5.3.2",
                "symfony/config": "self.version",
                "symfony/dependency-injection": "self.version",
                "symfony/event-dispatcher": "self.version",
                "symfony/http-kernel": "self.version",
                "symfony/routing": "self.version",
                "symfony/templating": "self.version",
                "symfony/translation": "self.version",
                "doctrine/common": ">=2.1,<2.3-dev"
            },
            "time": "2012-07-09 12:43:50",
            "type": "symfony-bundle",
            "installation-source": "dist",
            "autoload": {
                "psr-0": {
                    "Symfony\\Bundle\\FrameworkBundle": ""
                }
            },
            "license": [
                "MIT"
            ],
            "authors": [
                {
                    "name": "Fabien Potencier",
                    "email": "fabien@symfony.com"
                },
                {
                    "name": "Symfony Community",
                    "homepage": "http://symfony.com/contributors"
                }
            ],
            "description": "Symfony FrameworkBundle",
            "homepage": "http://symfony.com"
        },
        {
            "name": "symfony/http-foundation",
            "version": "v2.0.16",
            "target-dir": "Symfony/Component/HttpFoundation",
            "source": {
                "type": "git",
                "url": "https://github.com/symfony/HttpFoundation",
                "reference": "v2.0.16"
            },
            "dist": {
                "type": "zip",
                "url": "https://github.com/symfony/HttpFoundation/zipball/v2.0.16",
                "reference": "v2.0.16",
                "shasum": ""
            },
            "require": {
                "php": ">=5.3.2"
            },
            "time": "2012-07-09 12:43:50",
            "type": "library",
            "installation-source": "dist",
            "autoload": {
                "psr-0": {
                    "Symfony\\Component\\HttpFoundation": ""
                }
            },
            "license": [
                "MIT"
            ],
            "authors": [
                {
                    "name": "Fabien Potencier",
                    "email": "fabien@symfony.com"
                },
                {
                    "name": "Symfony Community",
                    "homepage": "http://symfony.com/contributors"
                }
            ],
            "description": "Symfony HttpFoundation Component",
            "homepage": "http://symfony.com"
        },
        {
            "name": "symfony/http-kernel",
            "version": "v2.0.16",
            "target-dir": "Symfony/Component/HttpKernel",
            "source": {
                "type": "git",
                "url": "https://github.com/symfony/HttpKernel",
                "reference": "v2.0.16"
            },
            "dist": {
                "type": "zip",
                "url": "https://github.com/symfony/HttpKernel/zipball/v2.0.16",
                "reference": "v2.0.16",
                "shasum": ""
            },
            "require": {
                "php": ">=5.3.2",
                "symfony/event-dispatcher": "self.version",
                "symfony/http-foundation": "self.version"
            },
            "suggest": {
                "symfony/browser-kit": "v2.0.16",
                "symfony/class-loader": "v2.0.16",
                "symfony/config": "v2.0.16",
                "symfony/console": "v2.0.16",
                "symfony/dependency-injection": "v2.0.16",
                "symfony/finder": "v2.0.16"
            },
            "time": "2012-07-11 18:25:42",
            "type": "library",
            "installation-source": "dist",
            "autoload": {
                "psr-0": {
                    "Symfony\\Component\\HttpKernel": ""
                }
            },
            "license": [
                "MIT"
            ],
            "authors": [
                {
                    "name": "Fabien Potencier",
                    "email": "fabien@symfony.com"
                },
                {
                    "name": "Symfony Community",
                    "homepage": "http://symfony.com/contributors"
                }
            ],
            "description": "Symfony HttpKernel Component",
            "homepage": "http://symfony.com"
        },
        {
            "name": "symfony/routing",
            "version": "v2.0.16",
            "target-dir": "Symfony/Component/Routing",
            "source": {
                "type": "git",
                "url": "https://github.com/symfony/Routing",
                "reference": "v2.0.16"
            },
            "dist": {
                "type": "zip",
                "url": "https://github.com/symfony/Routing/zipball/v2.0.16",
                "reference": "v2.0.16",
                "shasum": ""
            },
            "require": {
                "php": ">=5.3.2"
            },
            "suggest": {
                "symfony/config": "v2.0.16",
                "symfony/yaml": "v2.0.16"
            },
            "time": "2012-07-09 12:43:50",
            "type": "library",
            "installation-source": "dist",
            "autoload": {
                "psr-0": {
                    "Symfony\\Component\\Routing": ""
                }
            },
            "license": [
                "MIT"
            ],
            "authors": [
                {
                    "name": "Fabien Potencier",
                    "email": "fabien@symfony.com"
                },
                {
                    "name": "Symfony Community",
                    "homepage": "http://symfony.com/contributors"
                }
            ],
            "description": "Symfony Routing Component",
            "homepage": "http://symfony.com"
        },
        {
            "name": "symfony/security",
            "version": "v2.0.16",
            "target-dir": "Symfony/Component/Security",
            "source": {
                "type": "git",
                "url": "https://github.com/symfony/Security",
                "reference": "v2.0.16"
            },
            "dist": {
                "type": "zip",
                "url": "https://github.com/symfony/Security/zipball/v2.0.16",
                "reference": "v2.0.16",
                "shasum": ""
            },
            "require": {
                "php": ">=5.3.2",
                "symfony/event-dispatcher": "self.version",
                "symfony/http-foundation": "self.version",
                "symfony/http-kernel": "self.version"
            },
            "suggest": {
                "symfony/class-loader": "v2.0.16",
                "symfony/finder": "v2.0.16",
                "symfony/form": "v2.0.16",
                "symfony/routing": "v2.0.16"
            },
            "time": "2012-07-09 12:43:50",
            "type": "library",
            "installation-source": "dist",
            "autoload": {
                "psr-0": {
                    "Symfony\\Component\\Security": ""
                }
            },
            "license": [
                "MIT"
            ],
            "authors": [
                {
                    "name": "Fabien Potencier",
                    "email": "fabien@symfony.com"
                },
                {
                    "name": "Symfony Community",
                    "homepage": "http://symfony.com/contributors"
                }
            ],
            "description": "Symfony Security Component",
            "homepage": "http://symfony.com"
        },
        {
            "name": "symfony/security-bundle",
            "version": "v2.0.16",
            "target-dir": "Symfony/Bundle/SecurityBundle",
            "source": {
                "type": "git",
                "url": "https://github.com/symfony/SecurityBundle",
                "reference": "v2.0.16"
            },
            "dist": {
                "type": "zip",
                "url": "https://github.com/symfony/SecurityBundle/zipball/v2.0.16",
                "reference": "v2.0.16",
                "shasum": ""
            },
            "require": {
                "php": ">=5.3.2",
                "symfony/security": "self.version"
            },
            "time": "2012-07-09 12:43:50",
            "type": "symfony-bundle",
            "installation-source": "dist",
            "autoload": {
                "psr-0": {
                    "Symfony\\Bundle\\SecurityBundle": ""
                }
            },
            "license": [
                "MIT"
            ],
            "authors": [
                {
                    "name": "Fabien Potencier",
                    "email": "fabien@symfony.com"
                },
                {
                    "name": "Symfony Community",
                    "homepage": "http://symfony.com/contributors"
                }
            ],
            "description": "Symfony SecurityBundle",
            "homepage": "http://symfony.com"
        },
        {
            "name": "symfony/templating",
            "version": "v2.0.16",
            "target-dir": "Symfony/Component/Templating",
            "source": {
                "type": "git",
                "url": "https://github.com/symfony/Templating",
                "reference": "v2.0.16"
            },
            "dist": {
                "type": "zip",
                "url": "https://github.com/symfony/Templating/zipball/v2.0.16",
                "reference": "v2.0.16",
                "shasum": ""
            },
            "require": {
                "php": ">=5.3.2"
            },
            "time": "2012-07-09 12:43:50",
            "type": "library",
            "installation-source": "dist",
            "autoload": {
                "psr-0": {
                    "Symfony\\Component\\Templating": ""
                }
            },
            "license": [
                "MIT"
            ],
            "authors": [
                {
                    "name": "Fabien Potencier",
                    "email": "fabien@symfony.com"
                },
                {
                    "name": "Symfony Community",
                    "homepage": "http://symfony.com/contributors"
                }
            ],
            "description": "Symfony Templating Component",
            "homepage": "http://symfony.com"
        },
        {
            "name": "symfony/translation",
            "version": "v2.0.16",
            "target-dir": "Symfony/Component/Translation",
            "source": {
                "type": "git",
                "url": "https://github.com/symfony/Translation",
                "reference": "v2.0.16"
            },
            "dist": {
                "type": "zip",
                "url": "https://github.com/symfony/Translation/zipball/v2.0.16",
                "reference": "v2.0.16",
                "shasum": ""
            },
            "require": {
                "php": ">=5.3.2"
            },
            "suggest": {
                "symfony/config": "v2.0.16",
                "symfony/yaml": "v2.0.16"
            },
            "time": "2012-07-09 12:43:50",
            "type": "library",
            "installation-source": "dist",
            "autoload": {
                "psr-0": {
                    "Symfony\\Component\\Translation": ""
                }
            },
            "license": [
                "MIT"
            ],
            "authors": [
                {
                    "name": "Fabien Potencier",
                    "email": "fabien@symfony.com"
                },
                {
                    "name": "Symfony Community",
                    "homepage": "http://symfony.com/contributors"
                }
            ],
            "description": "Symfony Translation Component",
            "homepage": "http://symfony.com"
        }
    ],
    "packages-dev": null,
    "aliases": [

    ],
    "minimum-stability": "stable",
    "stability-flags": [

    ]
}
